// !$*UTF8*$!
{
	archiveVersion = 1;
	classes = {
	};
	objectVersion = 46;
	objects = {

/* Begin PBXBuildFile section */
		8EB8EDB21BDE49FD00432502 /* main.m in Sources */ = {isa = PBXBuildFile; fileRef = 8EB8EDB11BDE49FD00432502 /* main.m */; };
		8EB8EDBA1BDE4A3300432502 /* BNRPerson.m in Sources */ = {isa = PBXBuildFile; fileRef = 8EB8EDB91BDE4A3300432502 /* BNRPerson.m */; settings = {ASSET_TAGS = (); }; };
		8EB8EDD31BDE6E9200432502 /* BNREmployee.m in Sources */ = {isa = PBXBuildFile; fileRef = 8EB8EDD21BDE6E9200432502 /* BNREmployee.m */; settings = {ASSET_TAGS = (); }; };
		8EC134A51BDFA81000FD60F9 /* BNRAsset.m in Sources */ = {isa = PBXBuildFile; fileRef = 8EC134A41BDFA81000FD60F9 /* BNRAsset.m */; settings = {ASSET_TAGS = (); }; };
/* End PBXBuildFile section */

/* Begin PBXCopyFilesBuildPhase section */
		8EB8EDAC1BDE49FD00432502 /* CopyFiles */ = {
			isa = PBXCopyFilesBuildPhase;
			buildActionMask = 2147483647;
			dstPath = /usr/share/man/man1/;
			dstSubfolderSpec = 0;
			files = (
			);
			runOnlyForDeploymentPostprocessing = 1;
		};
/* End PBXCopyFilesBuildPhase section */

/* Begin PBXFileReference section */
		8EB8EDAE1BDE49FD00432502 /* BMITime */ = {isa = PBXFileReference; explicitFileType = "compiled.mach-o.executable"; includeInIndex = 0; path = BMITime; sourceTree = BUILT_PRODUCTS_DIR; };
		8EB8EDB11BDE49FD00432502 /* main.m */ = {isa = PBXFileReference; lastKnownFileType = sourcecode.c.objc; path = main.m; sourceTree = "<group>"; };
		8EB8EDB81BDE4A3300432502 /* BNRPerson.h */ = {isa = PBXFileReference; fileEncoding = 4; lastKnownFileType = sourcecode.c.h; path = BNRPerson.h; sourceTree = "<group>"; };
		8EB8EDB91BDE4A3300432502 /* BNRPerson.m */ = {isa = PBXFileReference; fileEncoding = 4; lastKnownFileType = sourcecode.c.objc; path = BNRPerson.m; sourceTree = "<group>"; };
		8EB8EDD11BDE6E9200432502 /* BNREmployee.h */ = {isa = PBXFileReference; fileEncoding = 4; lastKnownFileType = sourcecode.c.h; path = BNREmployee.h; sourceTree = "<group>"; };
		8EB8EDD21BDE6E9200432502 /* BNREmployee.m */ = {isa = PBXFileReference; fileEncoding = 4; lastKnownFileType = sourcecode.c.objc; path = BNREmployee.m; sourceTree = "<group>"; };
		8EC134A31BDFA81000FD60F9 /* BNRAsset.h */ = {isa = PBXFileReference; fileEncoding = 4; lastKnownFileType = sourcecode.c.h; path = BNRAsset.h; sourceTree = "<group>"; };
		8EC134A41BDFA81000FD60F9 /* BNRAsset.m */ = {isa = PBXFileReference; fileEncoding = 4; lastKnownFileType = sourcecode.c.objc; path = BNRAsset.m; sourceTree = "<group>"; };
/* End PBXFileReference section */

/* Begin PBXFrameworksBuildPhase section */
		8EB8EDAB1BDE49FD00432502 /* Frameworks */ = {
			isa = PBXFrameworksBuildPhase;
			buildActionMask = 2147483647;
			files = (
			);
			runOnlyForDeploymentPostprocessing = 0;
		};
/* End PBXFrameworksBuildPhase section */

/* Begin PBXGroup section */
		8EB8EDA51BDE49FD00432502 = {
			isa = PBXGroup;
			children = (
				8EB8EDB01BDE49FD00432502 /* BMITime */,
				8EB8EDAF1BDE49FD00432502 /* Products */,
			);
			sourceTree = "<group>";
		};
		8EB8EDAF1BDE49FD00432502 /* Products */ = {
			isa = PBXGroup;
			children = (
				8EB8EDAE1BDE49FD00432502 /* BMITime */,
			);
			name = Products;
			sourceTree = "<group>";
		};
		8EB8EDB01BDE49FD00432502 /* BMITime */ = {
			isa = PBXGroup;
			children = (
				8EB8EDB11BDE49FD00432502 /* main.m */,
				8EC134A31BDFA81000FD60F9 /* BNRAsset.h */,
				8EC134A41BDFA81000FD60F9 /* BNRAsset.m */,
				8EB8EDB81BDE4A3300432502 /* BNRPerson.h */,
				8EB8EDB91BDE4A3300432502 /* BNRPerson.m */,
				8EB8EDD11BDE6E9200432502 /* BNREmployee.h */,
				8EB8EDD21BDE6E9200432502 /* BNREmployee.m */,
			);
			path = BMITime;
			sourceTree = "<group>";
		};
/* End PBXGroup section */

/* Begin PBXNativeTarget section */
		8EB8EDAD1BDE49FD00432502 /* BMITime */ = {
			isa = PBXNativeTarget;
			buildConfigurationList = 8EB8EDB51BDE49FD00432502 /* Build configuration list for PBXNativeTarget "BMITime" */;
			buildPhases = (
				8EB8EDAA1BDE49FD00432502 /* Sources */,
				8EB8EDAB1BDE49FD00432502 /* Frameworks */,
				8EB8EDAC1BDE49FD00432502 /* CopyFiles */,
			);
			buildRules = (
			);
			dependencies = (
			);
			name = BMITime;
			productName = BMITime;
			productReference = 8EB8EDAE1BDE49FD00432502 /* BMITime */;
			productType = "com.apple.product-type.tool";
		};
/* End PBXNativeTarget section */

/* Begin PBXProject section */
		8EB8EDA61BDE49FD00432502 /* Project object */ = {
			isa = PBXProject;
			attributes = {
				LastUpgradeCheck = 0700;
				ORGANIZATIONNAME = QiuZidane;
				TargetAttributes = {
					8EB8EDAD1BDE49FD00432502 = {
						CreatedOnToolsVersion = 7.0.1;
					};
				};
			};
			buildConfigurationList = 8EB8EDA91BDE49FD00432502 /* Build configuration list for PBXProject "BMITime" */;
			compatibilityVersion = "Xcode 3.2";
			developmentRegion = English;
			hasScannedForEncodings = 0;
			knownRegions = (
				en,
			);
			mainGroup = 8EB8EDA51BDE49FD00432502;
			productRefGroup = 8EB8EDAF1BDE49FD00432502 /* Products */;
			projectDirPath = "";
			projectRoot = "";
			targets = (
				8EB8EDAD1BDE49FD00432502 /* BMITime */,
			);
		};
/* End PBXProject section */

/* Begin PBXSourcesBuildPhase section */
		8EB8EDAA1BDE49FD00432502 /* Sources */ = {
			isa = PBXSourcesBuildPhase;
			buildActionMask = 2147483647;
			files = (
				8EB8EDD31BDE6E9200432502 /* BNREmployee.m in Sources */,
				8EB8EDB21BDE49FD00432502 /* main.m in Sources */,
				8EB8EDBA1BDE4A3300432502 /* BNRPerson.m in Sources */,
				8EC134A51BDFA81000FD60F9 /* BNRAsset.m in Sources */,
			);
			runOnlyForDeploymentPostprocessing = 0;
		};
/* End PBXSourcesBuildPhase section */

/* Begin XCBuildConfiguration section */
		8EB8EDB31BDE49FD00432502 /* Debug */ = {
			isa = XCBuildConfiguration;
			buildSettings = {
				ALWAYS_SEARCH_USER_PATHS = NO;
				CLANG_CXX_LANGUAGE_STANDARD = "gnu++0x";
				CLANG_CXX_LIBRARY = "libc++";
				CLANG_ENABLE_MODULES = YES;
				CLANG_ENABLE_OBJC_ARC = YES;
				CLANG_WARN_BOOL_CONVERSION = YES;
				CLANG_WARN_CONSTANT_CONVERSION = YES;
				CLANG_WARN_DIRECT_OBJC_ISA_USAGE = YES_ERROR;
				CLANG_WARN_EMPTY_BODY = YES;
				CLANG_WARN_ENUM_CONVERSION = YES;
				CLANG_WARN_INT_CONVERSION = YES;
				CLANG_WARN_OBJC_ROOT_CLASS = YES_ERROR;
				CLANG_WARN_UNREACHABLE_CODE = YES;
				CLANG_WARN__DUPLICATE_METHOD_MATCH = YES;
				COPY_PHASE_STRIP = NO;
				DEBUG_INFORMATION_FORMAT = dwarf;
				ENABLE_STRICT_OBJC_MSGSEND = YES;
				ENABLE_TESTABILITY = YES;
				GCC_C_LANGUAGE_STANDARD = gnu99;
				GCC_DYNAMIC_NO_PIC = NO;
				GCC_NO_COMMON_BLOCKS = YES;
				GCC_OPTIMIZATION_LEVEL = 0;
				GCC_PREPROCESSOR_DEFINITIONS = (
					"DEBUG=1",
					"$(inherited)",
				);
				GCC_WARN_64_TO_32_BIT_CONVERSION = YES;
				GCC_WARN_ABOUT_RETURN_TYPE = YES_ERROR;
				GCC_WARN_UNDECLARED_SELECTOR = YES;
				GCC_WARN_UNINITIALIZED_AUTOS = YES_AGGRESSIVE;
				GCC_WARN_UNUSED_FUNCTION = YES;
				GCC_WARN_UNUSED_VARIABLE = YES;
				MACOSX_DEPLOYMENT_TARGET = 10.11;
				MTL_ENABLE_DEBUG_INFO = YES;
				ONLY_ACTIVE_ARCH = YES;
				SDKROOT = macosx;
			};
			name = Debug;
		};
		8EB8EDB41BDE49FD00432502 /* Release */ = {
			isa = XCBuildConfiguration;
			buildSettings = {
				ALWAYS_SEARCH_USER_PATHS = NO;
				CLANG_CXX_LANGUAGE_STANDARD = "gnu++0x";
				CLANG_CXX_LIBRARY = "libc++";
				CLANG_ENABLE_MODULES = YES;
				CLANG_ENABLE_OBJC_ARC = YES;
				CLANG_WARN_BOOL_CONVERSION = YES;
				CLANG_WARN_CONSTANT_CONVERSION = YES;
				CLANG_WARN_DIRECT_OBJC_ISA_USAGE = YES_ERROR;
				CLANG_WARN_EMPTY_BODY = YES;
				CLANG_WARN_ENUM_CONVERSION = YES;
				CLANG_WARN_INT_CONVERSION = YES;
				CLANG_WARN_OBJC_ROOT_CLASS = YES_ERROR;
				CLANG_WARN_UNREACHABLE_CODE = YES;
				CLANG_WARN__DUPLICATE_METHOD_MATCH = YES;
				COPY_PHASE_STRIP = NO;
				DEBUG_INFORMATION_FORMAT = "dwarf-with-dsym";
				ENABLE_NS_ASSERTIONS = NO;
				ENABLE_STRICT_OBJC_MSGSEND = YES;
				GCC_C_LANGUAGE_STANDARD = gnu99;
				GCC_NO_COMMON_BLOCKS = YES;
				GCC_WARN_64_TO_32_BIT_CONVERSION = YES;
				GCC_WARN_ABOUT_RETURN_TYPE = YES_ERROR;
				GCC_WARN_UNDECLARED_SELECTOR = YES;
				GCC_WARN_UNINITIALIZED_AUTOS = YES_AGGRESSIVE;
				GCC_WARN_UNUSED_FUNCTION = YES;
				GCC_WARN_UNUSED_VARIABLE = YES;
				MACOSX_DEPLOYMENT_TARGET = 10.11;
				MTL_ENABLE_DEBUG_INFO = NO;
				SDKROOT = macosx;
			};
			name = Release;
		};
		8EB8EDB61BDE49FD00432502 /* Debug */ = {
			isa = XCBuildConfiguration;
			buildSettings = {
				PRODUCT_NAME = "$(TARGET_NAME)";
			};
			name = Debug;
		};
		8EB8EDB71BDE49FD00432502 /* Release */ = {
			isa = XCBuildConfiguration;
			buildSettings = {
				PRODUCT_NAME = "$(TARGET_NAME)";
			};
			name = Release;
		};
/* End XCBuildConfiguration section */

/* Begin XCConfigurationList section */
		8EB8EDA91BDE49FD00432502 /* Build configuration list for PBXProject "BMITime" */ = {
			isa = XCConfigurationList;
			buildConfigurations = (
				8EB8EDB31BDE49FD00432502 /* Debug */,
				8EB8EDB41BDE49FD00432502 /* Release */,
			);
			defaultConfigurationIsVisible = 0;
			defaultConfigurationName = Release;
		};
		8EB8EDB51BDE49FD00432502 /* Build configuration list for PBXNativeTarget "BMITime" */ = {
			isa = XCConfigurationList;
			buildConfigurations = (
				8EB8EDB61BDE49FD00432502 /* Debug */,
				8EB8EDB71BDE49FD00432502 /* Release */,
			);
			defaultConfigurationIsVisible = 0;
			defaultConfigurationName = Release;
		};
/* End XCConfigurationList section */
	};
	rootObject = 8EB8EDA61BDE49FD00432502 /* Project object */;
}
