// !$*UTF8*$!
{
	archiveVersion = 1;
	classes = {
	};
	objectVersion = 46;
	objects = {

/* Begin PBXBuildFile section */
		8E1937CC1BECD70400E10D48 /* main.m in Sources */ = {isa = PBXBuildFile; fileRef = 8E1937CB1BECD70400E10D48 /* main.m */; };
		8E1937D41BECD71600E10D48 /* BlockClass.m in Sources */ = {isa = PBXBuildFile; fileRef = 8E1937D31BECD71600E10D48 /* BlockClass.m */; settings = {ASSET_TAGS = (); }; };
/* End PBXBuildFile section */

/* Begin PBXCopyFilesBuildPhase section */
		8E1937C61BECD70400E10D48 /* CopyFiles */ = {
			isa = PBXCopyFilesBuildPhase;
			buildActionMask = 2147483647;
			dstPath = /usr/share/man/man1/;
			dstSubfolderSpec = 0;
			files = (
			);
			runOnlyForDeploymentPostprocessing = 1;
		};
/* End PBXCopyFilesBuildPhase section */

/* Begin PBXFileReference section */
		8E1937C81BECD70400E10D48 /* BlockResearch001 */ = {isa = PBXFileReference; explicitFileType = "compiled.mach-o.executable"; includeInIndex = 0; path = BlockResearch001; sourceTree = BUILT_PRODUCTS_DIR; };
		8E1937CB1BECD70400E10D48 /* main.m */ = {isa = PBXFileReference; lastKnownFileType = sourcecode.c.objc; path = main.m; sourceTree = "<group>"; };
		8E1937D21BECD71600E10D48 /* BlockClass.h */ = {isa = PBXFileReference; fileEncoding = 4; lastKnownFileType = sourcecode.c.h; path = BlockClass.h; sourceTree = "<group>"; };
		8E1937D31BECD71600E10D48 /* BlockClass.m */ = {isa = PBXFileReference; fileEncoding = 4; lastKnownFileType = sourcecode.c.objc; path = BlockClass.m; sourceTree = "<group>"; };
/* End PBXFileReference section */

/* Begin PBXFrameworksBuildPhase section */
		8E1937C51BECD70400E10D48 /* Frameworks */ = {
			isa = PBXFrameworksBuildPhase;
			buildActionMask = 2147483647;
			files = (
			);
			runOnlyForDeploymentPostprocessing = 0;
		};
/* End PBXFrameworksBuildPhase section */

/* Begin PBXGroup section */
		8E1937BF1BECD70400E10D48 = {
			isa = PBXGroup;
			children = (
				8E1937CA1BECD70400E10D48 /* BlockResearch001 */,
				8E1937C91BECD70400E10D48 /* Products */,
			);
			sourceTree = "<group>";
		};
		8E1937C91BECD70400E10D48 /* Products */ = {
			isa = PBXGroup;
			children = (
				8E1937C81BECD70400E10D48 /* BlockResearch001 */,
			);
			name = Products;
			sourceTree = "<group>";
		};
		8E1937CA1BECD70400E10D48 /* BlockResearch001 */ = {
			isa = PBXGroup;
			children = (
				8E1937CB1BECD70400E10D48 /* main.m */,
				8E1937D21BECD71600E10D48 /* BlockClass.h */,
				8E1937D31BECD71600E10D48 /* BlockClass.m */,
			);
			path = BlockResearch001;
			sourceTree = "<group>";
		};
/* End PBXGroup section */

/* Begin PBXNativeTarget section */
		8E1937C71BECD70400E10D48 /* BlockResearch001 */ = {
			isa = PBXNativeTarget;
			buildConfigurationList = 8E1937CF1BECD70400E10D48 /* Build configuration list for PBXNativeTarget "BlockResearch001" */;
			buildPhases = (
				8E1937C41BECD70400E10D48 /* Sources */,
				8E1937C51BECD70400E10D48 /* Frameworks */,
				8E1937C61BECD70400E10D48 /* CopyFiles */,
			);
			buildRules = (
			);
			dependencies = (
			);
			name = BlockResearch001;
			productName = BlockResearch001;
			productReference = 8E1937C81BECD70400E10D48 /* BlockResearch001 */;
			productType = "com.apple.product-type.tool";
		};
/* End PBXNativeTarget section */

/* Begin PBXProject section */
		8E1937C01BECD70400E10D48 /* Project object */ = {
			isa = PBXProject;
			attributes = {
				LastUpgradeCheck = 0700;
				ORGANIZATIONNAME = QiuZidane;
				TargetAttributes = {
					8E1937C71BECD70400E10D48 = {
						CreatedOnToolsVersion = 7.0.1;
					};
				};
			};
			buildConfigurationList = 8E1937C31BECD70400E10D48 /* Build configuration list for PBXProject "BlockResearch001" */;
			compatibilityVersion = "Xcode 3.2";
			developmentRegion = English;
			hasScannedForEncodings = 0;
			knownRegions = (
				en,
			);
			mainGroup = 8E1937BF1BECD70400E10D48;
			productRefGroup = 8E1937C91BECD70400E10D48 /* Products */;
			projectDirPath = "";
			projectRoot = "";
			targets = (
				8E1937C71BECD70400E10D48 /* BlockResearch001 */,
			);
		};
/* End PBXProject section */

/* Begin PBXSourcesBuildPhase section */
		8E1937C41BECD70400E10D48 /* Sources */ = {
			isa = PBXSourcesBuildPhase;
			buildActionMask = 2147483647;
			files = (
				8E1937D41BECD71600E10D48 /* BlockClass.m in Sources */,
				8E1937CC1BECD70400E10D48 /* main.m in Sources */,
			);
			runOnlyForDeploymentPostprocessing = 0;
		};
/* End PBXSourcesBuildPhase section */

/* Begin XCBuildConfiguration section */
		8E1937CD1BECD70400E10D48 /* Debug */ = {
			isa = XCBuildConfiguration;
			buildSettings = {
				ALWAYS_SEARCH_USER_PATHS = NO;
				CLANG_CXX_LANGUAGE_STANDARD = "gnu++0x";
				CLANG_CXX_LIBRARY = "libc++";
				CLANG_ENABLE_MODULES = YES;
				CLANG_ENABLE_OBJC_ARC = YES;
				CLANG_WARN_BOOL_CONVERSION = YES;
				CLANG_WARN_CONSTANT_CONVERSION = YES;
				CLANG_WARN_DIRECT_OBJC_ISA_USAGE = YES_ERROR;
				CLANG_WARN_EMPTY_BODY = YES;
				CLANG_WARN_ENUM_CONVERSION = YES;
				CLANG_WARN_INT_CONVERSION = YES;
				CLANG_WARN_OBJC_ROOT_CLASS = YES_ERROR;
				CLANG_WARN_UNREACHABLE_CODE = YES;
				CLANG_WARN__DUPLICATE_METHOD_MATCH = YES;
				COPY_PHASE_STRIP = NO;
				DEBUG_INFORMATION_FORMAT = dwarf;
				ENABLE_STRICT_OBJC_MSGSEND = YES;
				ENABLE_TESTABILITY = YES;
				GCC_C_LANGUAGE_STANDARD = gnu99;
				GCC_DYNAMIC_NO_PIC = NO;
				GCC_NO_COMMON_BLOCKS = YES;
				GCC_OPTIMIZATION_LEVEL = 0;
				GCC_PREPROCESSOR_DEFINITIONS = (
					"DEBUG=1",
					"$(inherited)",
				);
				GCC_WARN_64_TO_32_BIT_CONVERSION = YES;
				GCC_WARN_ABOUT_RETURN_TYPE = YES_ERROR;
				GCC_WARN_UNDECLARED_SELECTOR = YES;
				GCC_WARN_UNINITIALIZED_AUTOS = YES_AGGRESSIVE;
				GCC_WARN_UNUSED_FUNCTION = YES;
				GCC_WARN_UNUSED_VARIABLE = YES;
				MACOSX_DEPLOYMENT_TARGET = 10.11;
				MTL_ENABLE_DEBUG_INFO = YES;
				ONLY_ACTIVE_ARCH = YES;
				SDKROOT = macosx;
			};
			name = Debug;
		};
		8E1937CE1BECD70400E10D48 /* Release */ = {
			isa = XCBuildConfiguration;
			buildSettings = {
				ALWAYS_SEARCH_USER_PATHS = NO;
				CLANG_CXX_LANGUAGE_STANDARD = "gnu++0x";
				CLANG_CXX_LIBRARY = "libc++";
				CLANG_ENABLE_MODULES = YES;
				CLANG_ENABLE_OBJC_ARC = YES;
				CLANG_WARN_BOOL_CONVERSION = YES;
				CLANG_WARN_CONSTANT_CONVERSION = YES;
				CLANG_WARN_DIRECT_OBJC_ISA_USAGE = YES_ERROR;
				CLANG_WARN_EMPTY_BODY = YES;
				CLANG_WARN_ENUM_CONVERSION = YES;
				CLANG_WARN_INT_CONVERSION = YES;
				CLANG_WARN_OBJC_ROOT_CLASS = YES_ERROR;
				CLANG_WARN_UNREACHABLE_CODE = YES;
				CLANG_WARN__DUPLICATE_METHOD_MATCH = YES;
				COPY_PHASE_STRIP = NO;
				DEBUG_INFORMATION_FORMAT = "dwarf-with-dsym";
				ENABLE_NS_ASSERTIONS = NO;
				ENABLE_STRICT_OBJC_MSGSEND = YES;
				GCC_C_LANGUAGE_STANDARD = gnu99;
				GCC_NO_COMMON_BLOCKS = YES;
				GCC_WARN_64_TO_32_BIT_CONVERSION = YES;
				GCC_WARN_ABOUT_RETURN_TYPE = YES_ERROR;
				GCC_WARN_UNDECLARED_SELECTOR = YES;
				GCC_WARN_UNINITIALIZED_AUTOS = YES_AGGRESSIVE;
				GCC_WARN_UNUSED_FUNCTION = YES;
				GCC_WARN_UNUSED_VARIABLE = YES;
				MACOSX_DEPLOYMENT_TARGET = 10.11;
				MTL_ENABLE_DEBUG_INFO = NO;
				SDKROOT = macosx;
			};
			name = Release;
		};
		8E1937D01BECD70400E10D48 /* Debug */ = {
			isa = XCBuildConfiguration;
			buildSettings = {
				PRODUCT_NAME = "$(TARGET_NAME)";
			};
			name = Debug;
		};
		8E1937D11BECD70400E10D48 /* Release */ = {
			isa = XCBuildConfiguration;
			buildSettings = {
				PRODUCT_NAME = "$(TARGET_NAME)";
			};
			name = Release;
		};
/* End XCBuildConfiguration section */

/* Begin XCConfigurationList section */
		8E1937C31BECD70400E10D48 /* Build configuration list for PBXProject "BlockResearch001" */ = {
			isa = XCConfigurationList;
			buildConfigurations = (
				8E1937CD1BECD70400E10D48 /* Debug */,
				8E1937CE1BECD70400E10D48 /* Release */,
			);
			defaultConfigurationIsVisible = 0;
			defaultConfigurationName = Release;
		};
		8E1937CF1BECD70400E10D48 /* Build configuration list for PBXNativeTarget "BlockResearch001" */ = {
			isa = XCConfigurationList;
			buildConfigurations = (
				8E1937D01BECD70400E10D48 /* Debug */,
				8E1937D11BECD70400E10D48 /* Release */,
			);
			defaultConfigurationIsVisible = 0;
		};
/* End XCConfigurationList section */
	};
	rootObject = 8E1937C01BECD70400E10D48 /* Project object */;
}
